// !$*UTF8*$!
{
	archiveVersion = 1;
	classes = {
	};
	objectVersion = 50;
	objects = {

/* Begin PBXBuildFile section */
		F0B4E01F22261FCB005F3BA4 /* AppDelegate.swift in Sources */ = {isa = PBXBuildFile; fileRef = F0B4E01E22261FCB005F3BA4 /* AppDelegate.swift */; };
		F0B4E02122261FCB005F3BA4 /* GuesserViewController.swift in Sources */ = {isa = PBXBuildFile; fileRef = F0B4E02022261FCB005F3BA4 /* GuesserViewController.swift */; };
		F0B4E02322261FCB005F3BA4 /* HistoryViewController.swift in Sources */ = {isa = PBXBuildFile; fileRef = F0B4E02222261FCB005F3BA4 /* HistoryViewController.swift */; };
		F0B4E02622261FCB005F3BA4 /* Main.storyboard in Resources */ = {isa = PBXBuildFile; fileRef = F0B4E02422261FCB005F3BA4 /* Main.storyboard */; };
		F0B4E02822261FCC005F3BA4 /* Assets.xcassets in Resources */ = {isa = PBXBuildFile; fileRef = F0B4E02722261FCC005F3BA4 /* Assets.xcassets */; };
		F0B4E02B22261FCC005F3BA4 /* LaunchScreen.storyboard in Resources */ = {isa = PBXBuildFile; fileRef = F0B4E02922261FCC005F3BA4 /* LaunchScreen.storyboard */; };
		F0B4E03622261FCC005F3BA4 /* GuesserTests.swift in Sources */ = {isa = PBXBuildFile; fileRef = F0B4E03522261FCC005F3BA4 /* GuesserTests.swift */; };
		F0B4E04122261FCC005F3BA4 /* GuesserUITests.swift in Sources */ = {isa = PBXBuildFile; fileRef = F0B4E04022261FCC005F3BA4 /* GuesserUITests.swift */; };
		F0B4E04F2226304C005F3BA4 /* StatisticsViewController.swift in Sources */ = {isa = PBXBuildFile; fileRef = F0B4E04E2226304C005F3BA4 /* StatisticsViewController.swift */; };
		F0B4E051222631C7005F3BA4 /* Guesser.swift in Sources */ = {isa = PBXBuildFile; fileRef = F0B4E050222631C7005F3BA4 /* Guesser.swift */; };
/* End PBXBuildFile section */

/* Begin PBXContainerItemProxy section */
		F0B4E03222261FCC005F3BA4 /* PBXContainerItemProxy */ = {
			isa = PBXContainerItemProxy;
			containerPortal = F0B4E01322261FCB005F3BA4 /* Project object */;
			proxyType = 1;
			remoteGlobalIDString = F0B4E01A22261FCB005F3BA4;
			remoteInfo = Guesser;
		};
		F0B4E03D22261FCC005F3BA4 /* PBXContainerItemProxy */ = {
			isa = PBXContainerItemProxy;
			containerPortal = F0B4E01322261FCB005F3BA4 /* Project object */;
			proxyType = 1;
			remoteGlobalIDString = F0B4E01A22261FCB005F3BA4;
			remoteInfo = Guesser;
		};
/* End PBXContainerItemProxy section */

/* Begin PBXFileReference section */
		F0B4E01B22261FCB005F3BA4 /* Guesser.app */ = {isa = PBXFileReference; explicitFileType = wrapper.application; includeInIndex = 0; path = Guesser.app; sourceTree = BUILT_PRODUCTS_DIR; };
		F0B4E01E22261FCB005F3BA4 /* AppDelegate.swift */ = {isa = PBXFileReference; lastKnownFileType = sourcecode.swift; path = AppDelegate.swift; sourceTree = "<group>"; };
		F0B4E02022261FCB005F3BA4 /* GuesserViewController.swift */ = {isa = PBXFileReference; lastKnownFileType = sourcecode.swift; path = GuesserViewController.swift; sourceTree = "<group>"; };
		F0B4E02222261FCB005F3BA4 /* HistoryViewController.swift */ = {isa = PBXFileReference; lastKnownFileType = sourcecode.swift; path = HistoryViewController.swift; sourceTree = "<group>"; };
		F0B4E02522261FCB005F3BA4 /* Base */ = {isa = PBXFileReference; lastKnownFileType = file.storyboard; name = Base; path = Base.lproj/Main.storyboard; sourceTree = "<group>"; };
		F0B4E02722261FCC005F3BA4 /* Assets.xcassets */ = {isa = PBXFileReference; lastKnownFileType = folder.assetcatalog; path = Assets.xcassets; sourceTree = "<group>"; };
		F0B4E02A22261FCC005F3BA4 /* Base */ = {isa = PBXFileReference; lastKnownFileType = file.storyboard; name = Base; path = Base.lproj/LaunchScreen.storyboard; sourceTree = "<group>"; };
		F0B4E02C22261FCC005F3BA4 /* Info.plist */ = {isa = PBXFileReference; lastKnownFileType = text.plist.xml; path = Info.plist; sourceTree = "<group>"; };
		F0B4E03122261FCC005F3BA4 /* GuesserTests.xctest */ = {isa = PBXFileReference; explicitFileType = wrapper.cfbundle; includeInIndex = 0; path = GuesserTests.xctest; sourceTree = BUILT_PRODUCTS_DIR; };
		F0B4E03522261FCC005F3BA4 /* GuesserTests.swift */ = {isa = PBXFileReference; lastKnownFileType = sourcecode.swift; path = GuesserTests.swift; sourceTree = "<group>"; };
		F0B4E03722261FCC005F3BA4 /* Info.plist */ = {isa = PBXFileReference; lastKnownFileType = text.plist.xml; path = Info.plist; sourceTree = "<group>"; };
		F0B4E03C22261FCC005F3BA4 /* GuesserUITests.xctest */ = {isa = PBXFileReference; explicitFileType = wrapper.cfbundle; includeInIndex = 0; path = GuesserUITests.xctest; sourceTree = BUILT_PRODUCTS_DIR; };
		F0B4E04022261FCC005F3BA4 /* GuesserUITests.swift */ = {isa = PBXFileReference; lastKnownFileType = sourcecode.swift; path = GuesserUITests.swift; sourceTree = "<group>"; };
		F0B4E04222261FCC005F3BA4 /* Info.plist */ = {isa = PBXFileReference; lastKnownFileType = text.plist.xml; path = Info.plist; sourceTree = "<group>"; };
		F0B4E04E2226304C005F3BA4 /* StatisticsViewController.swift */ = {isa = PBXFileReference; lastKnownFileType = sourcecode.swift; path = StatisticsViewController.swift; sourceTree = "<group>"; };
		F0B4E050222631C7005F3BA4 /* Guesser.swift */ = {isa = PBXFileReference; lastKnownFileType = sourcecode.swift; path = Guesser.swift; sourceTree = "<group>"; };
/* End PBXFileReference section */

/* Begin PBXFrameworksBuildPhase section */
		F0B4E01822261FCB005F3BA4 /* Frameworks */ = {
			isa = PBXFrameworksBuildPhase;
			buildActionMask = 2147483647;
			files = (
			);
			runOnlyForDeploymentPostprocessing = 0;
		};
		F0B4E02E22261FCC005F3BA4 /* Frameworks */ = {
			isa = PBXFrameworksBuildPhase;
			buildActionMask = 2147483647;
			files = (
			);
			runOnlyForDeploymentPostprocessing = 0;
		};
		F0B4E03922261FCC005F3BA4 /* Frameworks */ = {
			isa = PBXFrameworksBuildPhase;
			buildActionMask = 2147483647;
			files = (
			);
			runOnlyForDeploymentPostprocessing = 0;
		};
/* End PBXFrameworksBuildPhase section */

/* Begin PBXGroup section */
		F0B4E01222261FCB005F3BA4 = {
			isa = PBXGroup;
			children = (
				F0B4E01D22261FCB005F3BA4 /* Guesser */,
				F0B4E03422261FCC005F3BA4 /* GuesserTests */,
				F0B4E03F22261FCC005F3BA4 /* GuesserUITests */,
				F0B4E01C22261FCB005F3BA4 /* Products */,
			);
			sourceTree = "<group>";
		};
		F0B4E01C22261FCB005F3BA4 /* Products */ = {
			isa = PBXGroup;
			children = (
				F0B4E01B22261FCB005F3BA4 /* Guesser.app */,
				F0B4E03122261FCC005F3BA4 /* GuesserTests.xctest */,
				F0B4E03C22261FCC005F3BA4 /* GuesserUITests.xctest */,
			);
			name = Products;
			sourceTree = "<group>";
		};
		F0B4E01D22261FCB005F3BA4 /* Guesser */ = {
			isa = PBXGroup;
			children = (
				F0B4E01E22261FCB005F3BA4 /* AppDelegate.swift */,
				F0B4E02022261FCB005F3BA4 /* GuesserViewController.swift */,
				F0B4E02222261FCB005F3BA4 /* HistoryViewController.swift */,
				F0B4E02422261FCB005F3BA4 /* Main.storyboard */,
				F0B4E02722261FCC005F3BA4 /* Assets.xcassets */,
				F0B4E02922261FCC005F3BA4 /* LaunchScreen.storyboard */,
				F0B4E02C22261FCC005F3BA4 /* Info.plist */,
				F0B4E04E2226304C005F3BA4 /* StatisticsViewController.swift */,
				F0B4E050222631C7005F3BA4 /* Guesser.swift */,
			);
			path = Guesser;
			sourceTree = "<group>";
		};
		F0B4E03422261FCC005F3BA4 /* GuesserTests */ = {
			isa = PBXGroup;
			children = (
				F0B4E03522261FCC005F3BA4 /* GuesserTests.swift */,
				F0B4E03722261FCC005F3BA4 /* Info.plist */,
			);
			path = GuesserTests;
			sourceTree = "<group>";
		};
		F0B4E03F22261FCC005F3BA4 /* GuesserUITests */ = {
			isa = PBXGroup;
			children = (
				F0B4E04022261FCC005F3BA4 /* GuesserUITests.swift */,
				F0B4E04222261FCC005F3BA4 /* Info.plist */,
			);
			path = GuesserUITests;
			sourceTree = "<group>";
		};
/* End PBXGroup section */

/* Begin PBXNativeTarget section */
		F0B4E01A22261FCB005F3BA4 /* Guesser */ = {
			isa = PBXNativeTarget;
			buildConfigurationList = F0B4E04522261FCC005F3BA4 /* Build configuration list for PBXNativeTarget "Guesser" */;
			buildPhases = (
				F0B4E01722261FCB005F3BA4 /* Sources */,
				F0B4E01822261FCB005F3BA4 /* Frameworks */,
				F0B4E01922261FCB005F3BA4 /* Resources */,
			);
			buildRules = (
			);
			dependencies = (
			);
			name = Guesser;
			productName = Guesser;
			productReference = F0B4E01B22261FCB005F3BA4 /* Guesser.app */;
			productType = "com.apple.product-type.application";
		};
		F0B4E03022261FCC005F3BA4 /* GuesserTests */ = {
			isa = PBXNativeTarget;
			buildConfigurationList = F0B4E04822261FCC005F3BA4 /* Build configuration list for PBXNativeTarget "GuesserTests" */;
			buildPhases = (
				F0B4E02D22261FCC005F3BA4 /* Sources */,
				F0B4E02E22261FCC005F3BA4 /* Frameworks */,
				F0B4E02F22261FCC005F3BA4 /* Resources */,
			);
			buildRules = (
			);
			dependencies = (
				F0B4E03322261FCC005F3BA4 /* PBXTargetDependency */,
			);
			name = GuesserTests;
			productName = GuesserTests;
			productReference = F0B4E03122261FCC005F3BA4 /* GuesserTests.xctest */;
			productType = "com.apple.product-type.bundle.unit-test";
		};
		F0B4E03B22261FCC005F3BA4 /* GuesserUITests */ = {
			isa = PBXNativeTarget;
			buildConfigurationList = F0B4E04B22261FCC005F3BA4 /* Build configuration list for PBXNativeTarget "GuesserUITests" */;
			buildPhases = (
				F0B4E03822261FCC005F3BA4 /* Sources */,
				F0B4E03922261FCC005F3BA4 /* Frameworks */,
				F0B4E03A22261FCC005F3BA4 /* Resources */,
			);
			buildRules = (
			);
			dependencies = (
				F0B4E03E22261FCC005F3BA4 /* PBXTargetDependency */,
			);
			name = GuesserUITests;
			productName = GuesserUITests;
			productReference = F0B4E03C22261FCC005F3BA4 /* GuesserUITests.xctest */;
			productType = "com.apple.product-type.bundle.ui-testing";
		};
/* End PBXNativeTarget section */

/* Begin PBXProject section */
		F0B4E01322261FCB005F3BA4 /* Project object */ = {
			isa = PBXProject;
			attributes = {
				LastSwiftUpdateCheck = 1010;
				LastUpgradeCheck = 1010;
				ORGANIZATIONNAME = "Jupally,Hari Priya";
				TargetAttributes = {
					F0B4E01A22261FCB005F3BA4 = {
						CreatedOnToolsVersion = 10.1;
					};
					F0B4E03022261FCC005F3BA4 = {
						CreatedOnToolsVersion = 10.1;
						TestTargetID = F0B4E01A22261FCB005F3BA4;
					};
					F0B4E03B22261FCC005F3BA4 = {
						CreatedOnToolsVersion = 10.1;
						TestTargetID = F0B4E01A22261FCB005F3BA4;
					};
				};
			};
			buildConfigurationList = F0B4E01622261FCB005F3BA4 /* Build configuration list for PBXProject "Guesser" */;
			compatibilityVersion = "Xcode 9.3";
			developmentRegion = en;
			hasScannedForEncodings = 0;
			knownRegions = (
				en,
				Base,
			);
			mainGroup = F0B4E01222261FCB005F3BA4;
			productRefGroup = F0B4E01C22261FCB005F3BA4 /* Products */;
			projectDirPath = "";
			projectRoot = "";
			targets = (
				F0B4E01A22261FCB005F3BA4 /* Guesser */,
				F0B4E03022261FCC005F3BA4 /* GuesserTests */,
				F0B4E03B22261FCC005F3BA4 /* GuesserUITests */,
			);
		};
/* End PBXProject section */

/* Begin PBXResourcesBuildPhase section */
		F0B4E01922261FCB005F3BA4 /* Resources */ = {
			isa = PBXResourcesBuildPhase;
			buildActionMask = 2147483647;
			files = (
				F0B4E02B22261FCC005F3BA4 /* LaunchScreen.storyboard in Resources */,
				F0B4E02822261FCC005F3BA4 /* Assets.xcassets in Resources */,
				F0B4E02622261FCB005F3BA4 /* Main.storyboard in Resources */,
			);
			runOnlyForDeploymentPostprocessing = 0;
		};
		F0B4E02F22261FCC005F3BA4 /* Resources */ = {
			isa = PBXResourcesBuildPhase;
			buildActionMask = 2147483647;
			files = (
			);
			runOnlyForDeploymentPostprocessing = 0;
		};
		F0B4E03A22261FCC005F3BA4 /* Resources */ = {
			isa = PBXResourcesBuildPhase;
			buildActionMask = 2147483647;
			files = (
			);
			runOnlyForDeploymentPostprocessing = 0;
		};
/* End PBXResourcesBuildPhase section */

/* Begin PBXSourcesBuildPhase section */
		F0B4E01722261FCB005F3BA4 /* Sources */ = {
			isa = PBXSourcesBuildPhase;
			buildActionMask = 2147483647;
			files = (
				F0B4E02322261FCB005F3BA4 /* HistoryViewController.swift in Sources */,
				F0B4E01F22261FCB005F3BA4 /* AppDelegate.swift in Sources */,
				F0B4E051222631C7005F3BA4 /* Guesser.swift in Sources */,
				F0B4E02122261FCB005F3BA4 /* GuesserViewController.swift in Sources */,
				F0B4E04F2226304C005F3BA4 /* StatisticsViewController.swift in Sources */,
			);
			runOnlyForDeploymentPostprocessing = 0;
		};
		F0B4E02D22261FCC005F3BA4 /* Sources */ = {
			isa = PBXSourcesBuildPhase;
			buildActionMask = 2147483647;
			files = (
				F0B4E03622261FCC005F3BA4 /* GuesserTests.swift in Sources */,
			);
			runOnlyForDeploymentPostprocessing = 0;
		};
		F0B4E03822261FCC005F3BA4 /* Sources */ = {
			isa = PBXSourcesBuildPhase;
			buildActionMask = 2147483647;
			files = (
				F0B4E04122261FCC005F3BA4 /* GuesserUITests.swift in Sources */,
			);
			runOnlyForDeploymentPostprocessing = 0;
		};
/* End PBXSourcesBuildPhase section */

/* Begin PBXTargetDependency section */
		F0B4E03322261FCC005F3BA4 /* PBXTargetDependency */ = {
			isa = PBXTargetDependency;
			target = F0B4E01A22261FCB005F3BA4 /* Guesser */;
			targetProxy = F0B4E03222261FCC005F3BA4 /* PBXContainerItemProxy */;
		};
		F0B4E03E22261FCC005F3BA4 /* PBXTargetDependency */ = {
			isa = PBXTargetDependency;
			target = F0B4E01A22261FCB005F3BA4 /* Guesser */;
			targetProxy = F0B4E03D22261FCC005F3BA4 /* PBXContainerItemProxy */;
		};
/* End PBXTargetDependency section */

/* Begin PBXVariantGroup section */
		F0B4E02422261FCB005F3BA4 /* Main.storyboard */ = {
			isa = PBXVariantGroup;
			children = (
				F0B4E02522261FCB005F3BA4 /* Base */,
			);
			name = Main.storyboard;
			sourceTree = "<group>";
		};
		F0B4E02922261FCC005F3BA4 /* LaunchScreen.storyboard */ = {
			isa = PBXVariantGroup;
			children = (
				F0B4E02A22261FCC005F3BA4 /* Base */,
			);
			name = LaunchScreen.storyboard;
			sourceTree = "<group>";
		};
/* End PBXVariantGroup section */

/* Begin XCBuildConfiguration section */
		F0B4E04322261FCC005F3BA4 /* Debug */ = {
			isa = XCBuildConfiguration;
			buildSettings = {
				ALWAYS_SEARCH_USER_PATHS = NO;
				CLANG_ANALYZER_NONNULL = YES;
				CLANG_ANALYZER_NUMBER_OBJECT_CONVERSION = YES_AGGRESSIVE;
				CLANG_CXX_LANGUAGE_STANDARD = "gnu++14";
				CLANG_CXX_LIBRARY = "libc++";
				CLANG_ENABLE_MODULES = YES;
				CLANG_ENABLE_OBJC_ARC = YES;
				CLANG_ENABLE_OBJC_WEAK = YES;
				CLANG_WARN_BLOCK_CAPTURE_AUTORELEASING = YES;
				CLANG_WARN_BOOL_CONVERSION = YES;
				CLANG_WARN_COMMA = YES;
				CLANG_WARN_CONSTANT_CONVERSION = YES;
				CLANG_WARN_DEPRECATED_OBJC_IMPLEMENTATIONS = YES;
				CLANG_WARN_DIRECT_OBJC_ISA_USAGE = YES_ERROR;
				CLANG_WARN_DOCUMENTATION_COMMENTS = YES;
				CLANG_WARN_EMPTY_BODY = YES;
				CLANG_WARN_ENUM_CONVERSION = YES;
				CLANG_WARN_INFINITE_RECURSION = YES;
				CLANG_WARN_INT_CONVERSION = YES;
				CLANG_WARN_NON_LITERAL_NULL_CONVERSION = YES;
				CLANG_WARN_OBJC_IMPLICIT_RETAIN_SELF = YES;
				CLANG_WARN_OBJC_LITERAL_CONVERSION = YES;
				CLANG_WARN_OBJC_ROOT_CLASS = YES_ERROR;
				CLANG_WARN_RANGE_LOOP_ANALYSIS = YES;
				CLANG_WARN_STRICT_PROTOTYPES = YES;
				CLANG_WARN_SUSPICIOUS_MOVE = YES;
				CLANG_WARN_UNGUARDED_AVAILABILITY = YES_AGGRESSIVE;
				CLANG_WARN_UNREACHABLE_CODE = YES;
				CLANG_WARN__DUPLICATE_METHOD_MATCH = YES;
				CODE_SIGN_IDENTITY = "iPhone Developer";
				COPY_PHASE_STRIP = NO;
				DEBUG_INFORMATION_FORMAT = dwarf;
				ENABLE_STRICT_OBJC_MSGSEND = YES;
				ENABLE_TESTABILITY = YES;
				GCC_C_LANGUAGE_STANDARD = gnu11;
				GCC_DYNAMIC_NO_PIC = NO;
				GCC_NO_COMMON_BLOCKS = YES;
				GCC_OPTIMIZATION_LEVEL = 0;
				GCC_PREPROCESSOR_DEFINITIONS = (
					"DEBUG=1",
					"$(inherited)",
				);
				GCC_WARN_64_TO_32_BIT_CONVERSION = YES;
				GCC_WARN_ABOUT_RETURN_TYPE = YES_ERROR;
				GCC_WARN_UNDECLARED_SELECTOR = YES;
				GCC_WARN_UNINITIALIZED_AUTOS = YES_AGGRESSIVE;
				GCC_WARN_UNUSED_FUNCTION = YES;
				GCC_WARN_UNUSED_VARIABLE = YES;
				IPHONEOS_DEPLOYMENT_TARGET = 12.1;
				MTL_ENABLE_DEBUG_INFO = INCLUDE_SOURCE;
				MTL_FAST_MATH = YES;
				ONLY_ACTIVE_ARCH = YES;
				SDKROOT = iphoneos;
				SWIFT_ACTIVE_COMPILATION_CONDITIONS = DEBUG;
				SWIFT_OPTIMIZATION_LEVEL = "-Onone";
			};
			name = Debug;
		};
		F0B4E04422261FCC005F3BA4 /* Release */ = {
			isa = XCBuildConfiguration;
			buildSettings = {
				ALWAYS_SEARCH_USER_PATHS = NO;
				CLANG_ANALYZER_NONNULL = YES;
				CLANG_ANALYZER_NUMBER_OBJECT_CONVERSION = YES_AGGRESSIVE;
				CLANG_CXX_LANGUAGE_STANDARD = "gnu++14";
				CLANG_CXX_LIBRARY = "libc++";
				CLANG_ENABLE_MODULES = YES;
				CLANG_ENABLE_OBJC_ARC = YES;
				CLANG_ENABLE_OBJC_WEAK = YES;
				CLANG_WARN_BLOCK_CAPTURE_AUTORELEASING = YES;
				CLANG_WARN_BOOL_CONVERSION = YES;
				CLANG_WARN_COMMA = YES;
				CLANG_WARN_CONSTANT_CONVERSION = YES;
				CLANG_WARN_DEPRECATED_OBJC_IMPLEMENTATIONS = YES;
				CLANG_WARN_DIRECT_OBJC_ISA_USAGE = YES_ERROR;
				CLANG_WARN_DOCUMENTATION_COMMENTS = YES;
				CLANG_WARN_EMPTY_BODY = YES;
				CLANG_WARN_ENUM_CONVERSION = YES;
				CLANG_WARN_INFINITE_RECURSION = YES;
				CLANG_WARN_INT_CONVERSION = YES;
				CLANG_WARN_NON_LITERAL_NULL_CONVERSION = YES;
				CLANG_WARN_OBJC_IMPLICIT_RETAIN_SELF = YES;
				CLANG_WARN_OBJC_LITERAL_CONVERSION = YES;
				CLANG_WARN_OBJC_ROOT_CLASS = YES_ERROR;
				CLANG_WARN_RANGE_LOOP_ANALYSIS = YES;
				CLANG_WARN_STRICT_PROTOTYPES = YES;
				CLANG_WARN_SUSPICIOUS_MOVE = YES;
				CLANG_WARN_UNGUARDED_AVAILABILITY = YES_AGGRESSIVE;
				CLANG_WARN_UNREACHABLE_CODE = YES;
				CLANG_WARN__DUPLICATE_METHOD_MATCH = YES;
				CODE_SIGN_IDENTITY = "iPhone Developer";
				COPY_PHASE_STRIP = NO;
				DEBUG_INFORMATION_FORMAT = "dwarf-with-dsym";
				ENABLE_NS_ASSERTIONS = NO;
				ENABLE_STRICT_OBJC_MSGSEND = YES;
				GCC_C_LANGUAGE_STANDARD = gnu11;
				GCC_NO_COMMON_BLOCKS = YES;
				GCC_WARN_64_TO_32_BIT_CONVERSION = YES;
				GCC_WARN_ABOUT_RETURN_TYPE = YES_ERROR;
				GCC_WARN_UNDECLARED_SELECTOR = YES;
				GCC_WARN_UNINITIALIZED_AUTOS = YES_AGGRESSIVE;
				GCC_WARN_UNUSED_FUNCTION = YES;
				GCC_WARN_UNUSED_VARIABLE = YES;
				IPHONEOS_DEPLOYMENT_TARGET = 12.1;
				MTL_ENABLE_DEBUG_INFO = NO;
				MTL_FAST_MATH = YES;
				SDKROOT = iphoneos;
				SWIFT_COMPILATION_MODE = wholemodule;
				SWIFT_OPTIMIZATION_LEVEL = "-O";
				VALIDATE_PRODUCT = YES;
			};
			name = Release;
		};
		F0B4E04622261FCC005F3BA4 /* Debug */ = {
			isa = XCBuildConfiguration;
			buildSettings = {
				ASSETCATALOG_COMPILER_APPICON_NAME = AppIcon;
				CODE_SIGN_STYLE = Automatic;
				INFOPLIST_FILE = Guesser/Info.plist;
				LD_RUNPATH_SEARCH_PATHS = (
					"$(inherited)",
					"@executable_path/Frameworks",
				);
				PRODUCT_BUNDLE_IDENTIFIER = nwmissouri.edu.Guesser;
				PRODUCT_NAME = "$(TARGET_NAME)";
				SWIFT_VERSION = 4.2;
				TARGETED_DEVICE_FAMILY = "1,2";
			};
			name = Debug;
		};
		F0B4E04722261FCC005F3BA4 /* Release */ = {
			isa = XCBuildConfiguration;
			buildSettings = {
				ASSETCATALOG_COMPILER_APPICON_NAME = AppIcon;
				CODE_SIGN_STYLE = Automatic;
				INFOPLIST_FILE = Guesser/Info.plist;
				LD_RUNPATH_SEARCH_PATHS = (
					"$(inherited)",
					"@executable_path/Frameworks",
				);
				PRODUCT_BUNDLE_IDENTIFIER = nwmissouri.edu.Guesser;
				PRODUCT_NAME = "$(TARGET_NAME)";
				SWIFT_VERSION = 4.2;
				TARGETED_DEVICE_FAMILY = "1,2";
			};
			name = Release;
		};
		F0B4E04922261FCC005F3BA4 /* Debug */ = {
			isa = XCBuildConfiguration;
			buildSettings = {
				ALWAYS_EMBED_SWIFT_STANDARD_LIBRARIES = YES;
				BUNDLE_LOADER = "$(TEST_HOST)";
				CODE_SIGN_STYLE = Automatic;
				INFOPLIST_FILE = GuesserTests/Info.plist;
				LD_RUNPATH_SEARCH_PATHS = (
					"$(inherited)",
					"@executable_path/Frameworks",
					"@loader_path/Frameworks",
				);
				PRODUCT_BUNDLE_IDENTIFIER = nwmissouri.edu.GuesserTests;
				PRODUCT_NAME = "$(TARGET_NAME)";
				SWIFT_VERSION = 4.2;
				TARGETED_DEVICE_FAMILY = "1,2";
				TEST_HOST = "$(BUILT_PRODUCTS_DIR)/Guesser.app/Guesser";
			};
			name = Debug;
		};
		F0B4E04A22261FCC005F3BA4 /* Release */ = {
			isa = XCBuildConfiguration;
			buildSettings = {
				ALWAYS_EMBED_SWIFT_STANDARD_LIBRARIES = YES;
				BUNDLE_LOADER = "$(TEST_HOST)";
				CODE_SIGN_STYLE = Automatic;
				INFOPLIST_FILE = GuesserTests/Info.plist;
				LD_RUNPATH_SEARCH_PATHS = (
					"$(inherited)",
					"@executable_path/Frameworks",
					"@loader_path/Frameworks",
				);
				PRODUCT_BUNDLE_IDENTIFIER = nwmissouri.edu.GuesserTests;
				PRODUCT_NAME = "$(TARGET_NAME)";
				SWIFT_VERSION = 4.2;
				TARGETED_DEVICE_FAMILY = "1,2";
				TEST_HOST = "$(BUILT_PRODUCTS_DIR)/Guesser.app/Guesser";
			};
			name = Release;
		};
		F0B4E04C22261FCC005F3BA4 /* Debug */ = {
			isa = XCBuildConfiguration;
			buildSettings = {
				ALWAYS_EMBED_SWIFT_STANDARD_LIBRARIES = YES;
				CODE_SIGN_STYLE = Automatic;
				INFOPLIST_FILE = GuesserUITests/Info.plist;
				LD_RUNPATH_SEARCH_PATHS = (
					"$(inherited)",
					"@executable_path/Frameworks",
					"@loader_path/Frameworks",
				);
				PRODUCT_BUNDLE_IDENTIFIER = nwmissouri.edu.GuesserUITests;
				PRODUCT_NAME = "$(TARGET_NAME)";
				SWIFT_VERSION = 4.2;
				TARGETED_DEVICE_FAMILY = "1,2";
				TEST_TARGET_NAME = Guesser;
			};
			name = Debug;
		};
		F0B4E04D22261FCC005F3BA4 /* Release */ = {
			isa = XCBuildConfiguration;
			buildSettings = {
				ALWAYS_EMBED_SWIFT_STANDARD_LIBRARIES = YES;
				CODE_SIGN_STYLE = Automatic;
				INFOPLIST_FILE = GuesserUITests/Info.plist;
				LD_RUNPATH_SEARCH_PATHS = (
					"$(inherited)",
					"@executable_path/Frameworks",
					"@loader_path/Frameworks",
				);
				PRODUCT_BUNDLE_IDENTIFIER = nwmissouri.edu.GuesserUITests;
				PRODUCT_NAME = "$(TARGET_NAME)";
				SWIFT_VERSION = 4.2;
				TARGETED_DEVICE_FAMILY = "1,2";
				TEST_TARGET_NAME = Guesser;
			};
			name = Release;
		};
/* End XCBuildConfiguration section */

/* Begin XCConfigurationList section */
		F0B4E01622261FCB005F3BA4 /* Build configuration list for PBXProject "Guesser" */ = {
			isa = XCConfigurationList;
			buildConfigurations = (
				F0B4E04322261FCC005F3BA4 /* Debug */,
				F0B4E04422261FCC005F3BA4 /* Release */,
			);
			defaultConfigurationIsVisible = 0;
			defaultConfigurationName = Release;
		};
		F0B4E04522261FCC005F3BA4 /* Build configuration list for PBXNativeTarget "Guesser" */ = {
			isa = XCConfigurationList;
			buildConfigurations = (
				F0B4E04622261FCC005F3BA4 /* Debug */,
				F0B4E04722261FCC005F3BA4 /* Release */,
			);
			defaultConfigurationIsVisible = 0;
			defaultConfigurationName = Release;
		};
		F0B4E04822261FCC005F3BA4 /* Build configuration list for PBXNativeTarget "GuesserTests" */ = {
			isa = XCConfigurationList;
			buildConfigurations = (
				F0B4E04922261FCC005F3BA4 /* Debug */,
				F0B4E04A22261FCC005F3BA4 /* Release */,
			);
			defaultConfigurationIsVisible = 0;
			defaultConfigurationName = Release;
		};
		F0B4E04B22261FCC005F3BA4 /* Build configuration list for PBXNativeTarget "GuesserUITests" */ = {
			isa = XCConfigurationList;
			buildConfigurations = (
				F0B4E04C22261FCC005F3BA4 /* Debug */,
				F0B4E04D22261FCC005F3BA4 /* Release */,
			);
			defaultConfigurationIsVisible = 0;
			defaultConfigurationName = Release;
		};
/* End XCConfigurationList section */
	};
	rootObject = F0B4E01322261FCB005F3BA4 /* Project object */;
}
